
Microsoft Visual Studio Solution File, Format Version 12.00
# Visual Studio Version 17
VisualStudioVersion = 17.8.34525.116
MinimumVisualStudioVersion = 10.0.40219.1
Project("{FAE04EC0-301F-11D3-BF4B-00C04F79EFBC}") = "ExercicioDiaria", "ExercicioDiaria\ExercicioDiaria.csproj", "{C09C3D42-A03D-41DD-ABB9-3DFBFC5FF555}"
EndProject
Global
	GlobalSection(SolutionConfigurationPlatforms) = preSolution
		Debug|Any CPU = Debug|Any CPU
		Release|Any CPU = Release|Any CPU
	EndGlobalSection
	GlobalSection(ProjectConfigurationPlatforms) = postSolution
		{C09C3D42-A03D-41DD-ABB9-3DFBFC5FF555}.Debug|Any CPU.ActiveCfg = Debug|Any CPU
		{C09C3D42-A03D-41DD-ABB9-3DFBFC5FF555}.Debug|Any CPU.Build.0 = Debug|Any CPU
		{C09C3D42-A03D-41DD-ABB9-3DFBFC5FF555}.Release|Any CPU.ActiveCfg = Release|Any CPU
		{C09C3D42-A03D-41DD-ABB9-3DFBFC5FF555}.Release|Any CPU.Build.0 = Release|Any CPU
	EndGlobalSection
	GlobalSection(SolutionProperties) = preSolution
		HideSolutionNode = FALSE
	EndGlobalSection
	GlobalSection(ExtensibilityGlobals) = postSolution
		SolutionGuid = {7251C4D1-BC41-4153-A1F8-3F0E597CA079}
	EndGlobalSection
EndGlobal
